{
  "name": "@avenger-vis/tree-sitter-avenger",
  "version": "0.1.0",
  "lockfileVersion": 3,
  "requires": true,
  "packages": {
    "": {
      "name": "@avenger-vis/tree-sitter-avenger",
      "version": "0.1.0",
      "license": "MIT",
      "dependencies": {
        "@avenger-vis/tree-sitter-avenger-sql": "https://github.com/avenger-vis/tree-sitter-avenger-sql/archive/005679d80e91578ccbaf5ede87a2cd854f8abc8b.tar.gz"
      },
      "devDependencies": {
        "tree-sitter-cli": "0.26.3"
      }
    },
    "node_modules/@avenger-vis/tree-sitter-avenger-sql": {
      "version": "0.1.0",
      "resolved": "https://github.com/avenger-vis/tree-sitter-avenger-sql/archive/005679d80e91578ccbaf5ede87a2cd854f8abc8b.tar.gz",
      "integrity": "sha512-YX3cw5U2q0tcVEg3VktNpr0laECB8Oy9WbNkC/cRuqPHwWzVXYyb/bJGwQUAvw/mX632eX6vSTNkLH2Hsxgg/A==",
      "license": "MIT"
    },
    "node_modules/tree-sitter-cli": {
      "version": "0.26.3",
      "resolved": "https://registry.npmjs.org/tree-sitter-cli/-/tree-sitter-cli-0.26.3.tgz",
      "integrity": "sha512-1VHpmjnTsYJk03HDqzLGn9dmJaLsJ7YeGsnnSudC6XOZu5oasz0GEVOIVCTe6hA01YZJgHd1XGO6XJZe0Sj7tw==",
      "dev": true,
      "hasInstallScript": true,
      "license": "MIT",
      "bin": {
        "tree-sitter": "cli.js"
      },
      "engines": {
        "node": ">=12.0.0"
      }
    }
  }
}
